
Microsoft Visual Studio Solution File, Format Version 12.00
# Visual Studio 15
VisualStudioVersion = 15.0.26124.0
MinimumVisualStudioVersion = 15.0.26124.0
Project("{FAE04EC0-301F-11D3-BF4B-00C04F79EFBC}") = "Adapter", "structural\Adapter\Adapter.csproj", "{AAEE849A-A9BC-4283-B496-071CC5A26902}"
EndProject
Project("{FAE04EC0-301F-11D3-BF4B-00C04F79EFBC}") = "Singleton", "creational\Singleton\Singleton.csproj", "{79254481-C11C-4858-8A8F-8D8C86C6E868}"
EndProject
Global
	GlobalSection(SolutionConfigurationPlatforms) = preSolution
		Debug|Any CPU = Debug|Any CPU
		Debug|x64 = Debug|x64
		Debug|x86 = Debug|x86
		Release|Any CPU = Release|Any CPU
		Release|x64 = Release|x64
		Release|x86 = Release|x86
	EndGlobalSection
	GlobalSection(SolutionProperties) = preSolution
		HideSolutionNode = FALSE
	EndGlobalSection
	GlobalSection(ProjectConfigurationPlatforms) = postSolution
		{AAEE849A-A9BC-4283-B496-071CC5A26902}.Debug|Any CPU.ActiveCfg = Debug|Any CPU
		{AAEE849A-A9BC-4283-B496-071CC5A26902}.Debug|Any CPU.Build.0 = Debug|Any CPU
		{AAEE849A-A9BC-4283-B496-071CC5A26902}.Debug|x64.ActiveCfg = Debug|Any CPU
		{AAEE849A-A9BC-4283-B496-071CC5A26902}.Debug|x64.Build.0 = Debug|Any CPU
		{AAEE849A-A9BC-4283-B496-071CC5A26902}.Debug|x86.ActiveCfg = Debug|Any CPU
		{AAEE849A-A9BC-4283-B496-071CC5A26902}.Debug|x86.Build.0 = Debug|Any CPU
		{AAEE849A-A9BC-4283-B496-071CC5A26902}.Release|Any CPU.ActiveCfg = Release|Any CPU
		{AAEE849A-A9BC-4283-B496-071CC5A26902}.Release|Any CPU.Build.0 = Release|Any CPU
		{AAEE849A-A9BC-4283-B496-071CC5A26902}.Release|x64.ActiveCfg = Release|Any CPU
		{AAEE849A-A9BC-4283-B496-071CC5A26902}.Release|x64.Build.0 = Release|Any CPU
		{AAEE849A-A9BC-4283-B496-071CC5A26902}.Release|x86.ActiveCfg = Release|Any CPU
		{AAEE849A-A9BC-4283-B496-071CC5A26902}.Release|x86.Build.0 = Release|Any CPU
		{79254481-C11C-4858-8A8F-8D8C86C6E868}.Debug|Any CPU.ActiveCfg = Debug|Any CPU
		{79254481-C11C-4858-8A8F-8D8C86C6E868}.Debug|Any CPU.Build.0 = Debug|Any CPU
		{79254481-C11C-4858-8A8F-8D8C86C6E868}.Debug|x64.ActiveCfg = Debug|Any CPU
		{79254481-C11C-4858-8A8F-8D8C86C6E868}.Debug|x64.Build.0 = Debug|Any CPU
		{79254481-C11C-4858-8A8F-8D8C86C6E868}.Debug|x86.ActiveCfg = Debug|Any CPU
		{79254481-C11C-4858-8A8F-8D8C86C6E868}.Debug|x86.Build.0 = Debug|Any CPU
		{79254481-C11C-4858-8A8F-8D8C86C6E868}.Release|Any CPU.ActiveCfg = Release|Any CPU
		{79254481-C11C-4858-8A8F-8D8C86C6E868}.Release|Any CPU.Build.0 = Release|Any CPU
		{79254481-C11C-4858-8A8F-8D8C86C6E868}.Release|x64.ActiveCfg = Release|Any CPU
		{79254481-C11C-4858-8A8F-8D8C86C6E868}.Release|x64.Build.0 = Release|Any CPU
		{79254481-C11C-4858-8A8F-8D8C86C6E868}.Release|x86.ActiveCfg = Release|Any CPU
		{79254481-C11C-4858-8A8F-8D8C86C6E868}.Release|x86.Build.0 = Release|Any CPU
	EndGlobalSection
EndGlobal
